// !$*UTF8*$!
{
	archiveVersion = 1;
	classes = {
	};
	objectVersion = 50;
	objects = {

/* Begin PBXBuildFile section */
		32FACBA2A569C8E9B394CC41 /* Pods_Todoey.framework in Frameworks */ = {isa = PBXBuildFile; fileRef = F445FB26C5241FF0FA4F952E /* Pods_Todoey.framework */; };
		C5057F7E21D1AA780076B11C /* CategoryViewController.swift in Sources */ = {isa = PBXBuildFile; fileRef = C5057F7D21D1AA780076B11C /* CategoryViewController.swift */; };
		C52ADEB421DDA91900821377 /* Item.swift in Sources */ = {isa = PBXBuildFile; fileRef = C52ADEB321DDA91900821377 /* Item.swift */; };
		C52ADEB621DDA92500821377 /* Category.swift in Sources */ = {isa = PBXBuildFile; fileRef = C52ADEB521DDA92500821377 /* Category.swift */; };
		C542299D21BF38F0004D1ED8 /* AppDelegate.swift in Sources */ = {isa = PBXBuildFile; fileRef = C542299C21BF38F0004D1ED8 /* AppDelegate.swift */; };
		C542299F21BF38F0004D1ED8 /* TodoListViewController.swift in Sources */ = {isa = PBXBuildFile; fileRef = C542299E21BF38F0004D1ED8 /* TodoListViewController.swift */; };
		C54229A221BF38F0004D1ED8 /* Main.storyboard in Resources */ = {isa = PBXBuildFile; fileRef = C54229A021BF38F0004D1ED8 /* Main.storyboard */; };
		C54229A421BF38F1004D1ED8 /* Assets.xcassets in Resources */ = {isa = PBXBuildFile; fileRef = C54229A321BF38F1004D1ED8 /* Assets.xcassets */; };
		C54229A721BF38F1004D1ED8 /* LaunchScreen.storyboard in Resources */ = {isa = PBXBuildFile; fileRef = C54229A521BF38F1004D1ED8 /* LaunchScreen.storyboard */; };
/* End PBXBuildFile section */

/* Begin PBXFileReference section */
		716AF1C27CCB1AD13659BA02 /* Pods-Todoey.release.xcconfig */ = {isa = PBXFileReference; includeInIndex = 1; lastKnownFileType = text.xcconfig; name = "Pods-Todoey.release.xcconfig"; path = "Pods/Target Support Files/Pods-Todoey/Pods-Todoey.release.xcconfig"; sourceTree = "<group>"; };
		C5057F7D21D1AA780076B11C /* CategoryViewController.swift */ = {isa = PBXFileReference; lastKnownFileType = sourcecode.swift; path = CategoryViewController.swift; sourceTree = "<group>"; };
		C52ADEB321DDA91900821377 /* Item.swift */ = {isa = PBXFileReference; lastKnownFileType = sourcecode.swift; path = Item.swift; sourceTree = "<group>"; };
		C52ADEB521DDA92500821377 /* Category.swift */ = {isa = PBXFileReference; lastKnownFileType = sourcecode.swift; path = Category.swift; sourceTree = "<group>"; };
		C542299921BF38F0004D1ED8 /* Todoey.app */ = {isa = PBXFileReference; explicitFileType = wrapper.application; includeInIndex = 0; path = Todoey.app; sourceTree = BUILT_PRODUCTS_DIR; };
		C542299C21BF38F0004D1ED8 /* AppDelegate.swift */ = {isa = PBXFileReference; lastKnownFileType = sourcecode.swift; path = AppDelegate.swift; sourceTree = "<group>"; };
		C542299E21BF38F0004D1ED8 /* TodoListViewController.swift */ = {isa = PBXFileReference; lastKnownFileType = sourcecode.swift; path = TodoListViewController.swift; sourceTree = "<group>"; };
		C54229A121BF38F0004D1ED8 /* Base */ = {isa = PBXFileReference; lastKnownFileType = file.storyboard; name = Base; path = Base.lproj/Main.storyboard; sourceTree = "<group>"; };
		C54229A321BF38F1004D1ED8 /* Assets.xcassets */ = {isa = PBXFileReference; lastKnownFileType = folder.assetcatalog; path = Assets.xcassets; sourceTree = "<group>"; };
		C54229A621BF38F1004D1ED8 /* Base */ = {isa = PBXFileReference; lastKnownFileType = file.storyboard; name = Base; path = Base.lproj/LaunchScreen.storyboard; sourceTree = "<group>"; };
		C54229A821BF38F1004D1ED8 /* Info.plist */ = {isa = PBXFileReference; lastKnownFileType = text.plist.xml; path = Info.plist; sourceTree = "<group>"; };
		DF16C7862E98FD7D49980D90 /* Pods-Todoey.debug.xcconfig */ = {isa = PBXFileReference; includeInIndex = 1; lastKnownFileType = text.xcconfig; name = "Pods-Todoey.debug.xcconfig"; path = "Pods/Target Support Files/Pods-Todoey/Pods-Todoey.debug.xcconfig"; sourceTree = "<group>"; };
		F445FB26C5241FF0FA4F952E /* Pods_Todoey.framework */ = {isa = PBXFileReference; explicitFileType = wrapper.framework; includeInIndex = 0; path = Pods_Todoey.framework; sourceTree = BUILT_PRODUCTS_DIR; };
/* End PBXFileReference section */

/* Begin PBXFrameworksBuildPhase section */
		C542299621BF38F0004D1ED8 /* Frameworks */ = {
			isa = PBXFrameworksBuildPhase;
			buildActionMask = 2147483647;
			files = (
				32FACBA2A569C8E9B394CC41 /* Pods_Todoey.framework in Frameworks */,
			);
			runOnlyForDeploymentPostprocessing = 0;
		};
/* End PBXFrameworksBuildPhase section */

/* Begin PBXGroup section */
		17A979A7887265D516B7391B /* Pods */ = {
			isa = PBXGroup;
			children = (
				DF16C7862E98FD7D49980D90 /* Pods-Todoey.debug.xcconfig */,
				716AF1C27CCB1AD13659BA02 /* Pods-Todoey.release.xcconfig */,
			);
			name = Pods;
			sourceTree = "<group>";
		};
		214470E220BAA2A328AB1DD6 /* Frameworks */ = {
			isa = PBXGroup;
			children = (
				F445FB26C5241FF0FA4F952E /* Pods_Todoey.framework */,
			);
			name = Frameworks;
			sourceTree = "<group>";
		};
		C542299021BF38F0004D1ED8 = {
			isa = PBXGroup;
			children = (
				C542299B21BF38F0004D1ED8 /* Todoey */,
				C542299A21BF38F0004D1ED8 /* Products */,
				17A979A7887265D516B7391B /* Pods */,
				214470E220BAA2A328AB1DD6 /* Frameworks */,
			);
			sourceTree = "<group>";
		};
		C542299A21BF38F0004D1ED8 /* Products */ = {
			isa = PBXGroup;
			children = (
				C542299921BF38F0004D1ED8 /* Todoey.app */,
			);
			name = Products;
			sourceTree = "<group>";
		};
		C542299B21BF38F0004D1ED8 /* Todoey */ = {
			isa = PBXGroup;
			children = (
				C542299C21BF38F0004D1ED8 /* AppDelegate.swift */,
				C5F1D6DE21C2C1D800FD5F5C /* Controllers */,
				C5F1D6DF21C2C1EF00FD5F5C /* Views */,
				C54229A321BF38F1004D1ED8 /* Assets.xcassets */,
				C54229A521BF38F1004D1ED8 /* LaunchScreen.storyboard */,
				C54229A821BF38F1004D1ED8 /* Info.plist */,
				C5F1D6E021C2C23E00FD5F5C /* Supporting Files */,
				C5F1D6DD21C2C1B800FD5F5C /* Data Model */,
			);
			path = Todoey;
			sourceTree = "<group>";
		};
		C5F1D6DD21C2C1B800FD5F5C /* Data Model */ = {
			isa = PBXGroup;
			children = (
				C52ADEB321DDA91900821377 /* Item.swift */,
				C52ADEB521DDA92500821377 /* Category.swift */,
			);
			path = "Data Model";
			sourceTree = "<group>";
		};
		C5F1D6DE21C2C1D800FD5F5C /* Controllers */ = {
			isa = PBXGroup;
			children = (
				C5057F7D21D1AA780076B11C /* CategoryViewController.swift */,
				C542299E21BF38F0004D1ED8 /* TodoListViewController.swift */,
			);
			path = Controllers;
			sourceTree = "<group>";
		};
		C5F1D6DF21C2C1EF00FD5F5C /* Views */ = {
			isa = PBXGroup;
			children = (
				C54229A021BF38F0004D1ED8 /* Main.storyboard */,
			);
			path = Views;
			sourceTree = "<group>";
		};
		C5F1D6E021C2C23E00FD5F5C /* Supporting Files */ = {
			isa = PBXGroup;
			children = (
			);
			path = "Supporting Files";
			sourceTree = "<group>";
		};
/* End PBXGroup section */

/* Begin PBXNativeTarget section */
		C542299821BF38F0004D1ED8 /* Todoey */ = {
			isa = PBXNativeTarget;
			buildConfigurationList = C54229AB21BF38F1004D1ED8 /* Build configuration list for PBXNativeTarget "Todoey" */;
			buildPhases = (
				2A7EFCF0C1715522EDD9EAD1 /* [CP] Check Pods Manifest.lock */,
				C542299521BF38F0004D1ED8 /* Sources */,
				C542299621BF38F0004D1ED8 /* Frameworks */,
				C542299721BF38F0004D1ED8 /* Resources */,
				D7544C8CE2B6E42FF6674B99 /* [CP] Embed Pods Frameworks */,
			);
			buildRules = (
			);
			dependencies = (
			);
			name = Todoey;
			productName = Todoey;
			productReference = C542299921BF38F0004D1ED8 /* Todoey.app */;
			productType = "com.apple.product-type.application";
		};
/* End PBXNativeTarget section */

/* Begin PBXProject section */
		C542299121BF38F0004D1ED8 /* Project object */ = {
			isa = PBXProject;
			attributes = {
				LastSwiftUpdateCheck = 1010;
				LastUpgradeCheck = 1010;
				ORGANIZATIONNAME = "Joy Paul";
				TargetAttributes = {
					C542299821BF38F0004D1ED8 = {
						CreatedOnToolsVersion = 10.1;
					};
				};
			};
			buildConfigurationList = C542299421BF38F0004D1ED8 /* Build configuration list for PBXProject "Todoey" */;
			compatibilityVersion = "Xcode 9.3";
			developmentRegion = en;
			hasScannedForEncodings = 0;
			knownRegions = (
				en,
				Base,
			);
			mainGroup = C542299021BF38F0004D1ED8;
			productRefGroup = C542299A21BF38F0004D1ED8 /* Products */;
			projectDirPath = "";
			projectRoot = "";
			targets = (
				C542299821BF38F0004D1ED8 /* Todoey */,
			);
		};
/* End PBXProject section */

/* Begin PBXResourcesBuildPhase section */
		C542299721BF38F0004D1ED8 /* Resources */ = {
			isa = PBXResourcesBuildPhase;
			buildActionMask = 2147483647;
			files = (
				C54229A721BF38F1004D1ED8 /* LaunchScreen.storyboard in Resources */,
				C54229A421BF38F1004D1ED8 /* Assets.xcassets in Resources */,
				C54229A221BF38F0004D1ED8 /* Main.storyboard in Resources */,
			);
			runOnlyForDeploymentPostprocessing = 0;
		};
/* End PBXResourcesBuildPhase section */

/* Begin PBXShellScriptBuildPhase section */
		2A7EFCF0C1715522EDD9EAD1 /* [CP] Check Pods Manifest.lock */ = {
			isa = PBXShellScriptBuildPhase;
			buildActionMask = 2147483647;
			files = (
			);
			inputFileListPaths = (
			);
			inputPaths = (
				"${PODS_PODFILE_DIR_PATH}/Podfile.lock",
				"${PODS_ROOT}/Manifest.lock",
			);
			name = "[CP] Check Pods Manifest.lock";
			outputFileListPaths = (
			);
			outputPaths = (
				"$(DERIVED_FILE_DIR)/Pods-Todoey-checkManifestLockResult.txt",
			);
			runOnlyForDeploymentPostprocessing = 0;
			shellPath = /bin/sh;
			shellScript = "diff \"${PODS_PODFILE_DIR_PATH}/Podfile.lock\" \"${PODS_ROOT}/Manifest.lock\" > /dev/null\nif [ $? != 0 ] ; then\n    # print error to STDERR\n    echo \"error: The sandbox is not in sync with the Podfile.lock. Run 'pod install' or update your CocoaPods installation.\" >&2\n    exit 1\nfi\n# This output is used by Xcode 'outputs' to avoid re-running this script phase.\necho \"SUCCESS\" > \"${SCRIPT_OUTPUT_FILE_0}\"\n";
			showEnvVarsInLog = 0;
		};
		D7544C8CE2B6E42FF6674B99 /* [CP] Embed Pods Frameworks */ = {
			isa = PBXShellScriptBuildPhase;
			buildActionMask = 2147483647;
			files = (
			);
			inputFileListPaths = (
			);
			inputPaths = (
				"${SRCROOT}/Pods/Target Support Files/Pods-Todoey/Pods-Todoey-frameworks.sh",
				"${BUILT_PRODUCTS_DIR}/Realm/Realm.framework",
				"${BUILT_PRODUCTS_DIR}/RealmSwift/RealmSwift.framework",
			);
			name = "[CP] Embed Pods Frameworks";
			outputFileListPaths = (
			);
			outputPaths = (
				"${TARGET_BUILD_DIR}/${FRAMEWORKS_FOLDER_PATH}/Realm.framework",
				"${TARGET_BUILD_DIR}/${FRAMEWORKS_FOLDER_PATH}/RealmSwift.framework",
			);
			runOnlyForDeploymentPostprocessing = 0;
			shellPath = /bin/sh;
			shellScript = "\"${SRCROOT}/Pods/Target Support Files/Pods-Todoey/Pods-Todoey-frameworks.sh\"\n";
			showEnvVarsInLog = 0;
		};
/* End PBXShellScriptBuildPhase section */

/* Begin PBXSourcesBuildPhase section */
		C542299521BF38F0004D1ED8 /* Sources */ = {
			isa = PBXSourcesBuildPhase;
			buildActionMask = 2147483647;
			files = (
				C52ADEB421DDA91900821377 /* Item.swift in Sources */,
				C5057F7E21D1AA780076B11C /* CategoryViewController.swift in Sources */,
				C542299F21BF38F0004D1ED8 /* TodoListViewController.swift in Sources */,
				C542299D21BF38F0004D1ED8 /* AppDelegate.swift in Sources */,
				C52ADEB621DDA92500821377 /* Category.swift in Sources */,
			);
			runOnlyForDeploymentPostprocessing = 0;
		};
/* End PBXSourcesBuildPhase section */

/* Begin PBXVariantGroup section */
		C54229A021BF38F0004D1ED8 /* Main.storyboard */ = {
			isa = PBXVariantGroup;
			children = (
				C54229A121BF38F0004D1ED8 /* Base */,
			);
			name = Main.storyboard;
			sourceTree = "<group>";
		};
		C54229A521BF38F1004D1ED8 /* LaunchScreen.storyboard */ = {
			isa = PBXVariantGroup;
			children = (
				C54229A621BF38F1004D1ED8 /* Base */,
			);
			name = LaunchScreen.storyboard;
			sourceTree = "<group>";
		};
/* End PBXVariantGroup section */

/* Begin XCBuildConfiguration section */
		C54229A921BF38F1004D1ED8 /* Debug */ = {
			isa = XCBuildConfiguration;
			buildSettings = {
				ALWAYS_SEARCH_USER_PATHS = NO;
				CLANG_ANALYZER_NONNULL = YES;
				CLANG_ANALYZER_NUMBER_OBJECT_CONVERSION = YES_AGGRESSIVE;
				CLANG_CXX_LANGUAGE_STANDARD = "gnu++14";
				CLANG_CXX_LIBRARY = "libc++";
				CLANG_ENABLE_MODULES = YES;
				CLANG_ENABLE_OBJC_ARC = YES;
				CLANG_ENABLE_OBJC_WEAK = YES;
				CLANG_WARN_BLOCK_CAPTURE_AUTORELEASING = YES;
				CLANG_WARN_BOOL_CONVERSION = YES;
				CLANG_WARN_COMMA = YES;
				CLANG_WARN_CONSTANT_CONVERSION = YES;
				CLANG_WARN_DEPRECATED_OBJC_IMPLEMENTATIONS = YES;
				CLANG_WARN_DIRECT_OBJC_ISA_USAGE = YES_ERROR;
				CLANG_WARN_DOCUMENTATION_COMMENTS = YES;
				CLANG_WARN_EMPTY_BODY = YES;
				CLANG_WARN_ENUM_CONVERSION = YES;
				CLANG_WARN_INFINITE_RECURSION = YES;
				CLANG_WARN_INT_CONVERSION = YES;
				CLANG_WARN_NON_LITERAL_NULL_CONVERSION = YES;
				CLANG_WARN_OBJC_IMPLICIT_RETAIN_SELF = YES;
				CLANG_WARN_OBJC_LITERAL_CONVERSION = YES;
				CLANG_WARN_OBJC_ROOT_CLASS = YES_ERROR;
				CLANG_WARN_RANGE_LOOP_ANALYSIS = YES;
				CLANG_WARN_STRICT_PROTOTYPES = YES;
				CLANG_WARN_SUSPICIOUS_MOVE = YES;
				CLANG_WARN_UNGUARDED_AVAILABILITY = YES_AGGRESSIVE;
				CLANG_WARN_UNREACHABLE_CODE = YES;
				CLANG_WARN__DUPLICATE_METHOD_MATCH = YES;
				CODE_SIGN_IDENTITY = "iPhone Developer";
				COPY_PHASE_STRIP = NO;
				DEBUG_INFORMATION_FORMAT = dwarf;
				ENABLE_STRICT_OBJC_MSGSEND = YES;
				ENABLE_TESTABILITY = YES;
				GCC_C_LANGUAGE_STANDARD = gnu11;
				GCC_DYNAMIC_NO_PIC = NO;
				GCC_NO_COMMON_BLOCKS = YES;
				GCC_OPTIMIZATION_LEVEL = 0;
				GCC_PREPROCESSOR_DEFINITIONS = (
					"DEBUG=1",
					"$(inherited)",
				);
				GCC_WARN_64_TO_32_BIT_CONVERSION = YES;
				GCC_WARN_ABOUT_RETURN_TYPE = YES_ERROR;
				GCC_WARN_UNDECLARED_SELECTOR = YES;
				GCC_WARN_UNINITIALIZED_AUTOS = YES_AGGRESSIVE;
				GCC_WARN_UNUSED_FUNCTION = YES;
				GCC_WARN_UNUSED_VARIABLE = YES;
				IPHONEOS_DEPLOYMENT_TARGET = 12.1;
				MTL_ENABLE_DEBUG_INFO = INCLUDE_SOURCE;
				MTL_FAST_MATH = YES;
				ONLY_ACTIVE_ARCH = YES;
				SDKROOT = iphoneos;
				SWIFT_ACTIVE_COMPILATION_CONDITIONS = DEBUG;
				SWIFT_OPTIMIZATION_LEVEL = "-Onone";
			};
			name = Debug;
		};
		C54229AA21BF38F1004D1ED8 /* Release */ = {
			isa = XCBuildConfiguration;
			buildSettings = {
				ALWAYS_SEARCH_USER_PATHS = NO;
				CLANG_ANALYZER_NONNULL = YES;
				CLANG_ANALYZER_NUMBER_OBJECT_CONVERSION = YES_AGGRESSIVE;
				CLANG_CXX_LANGUAGE_STANDARD = "gnu++14";
				CLANG_CXX_LIBRARY = "libc++";
				CLANG_ENABLE_MODULES = YES;
				CLANG_ENABLE_OBJC_ARC = YES;
				CLANG_ENABLE_OBJC_WEAK = YES;
				CLANG_WARN_BLOCK_CAPTURE_AUTORELEASING = YES;
				CLANG_WARN_BOOL_CONVERSION = YES;
				CLANG_WARN_COMMA = YES;
				CLANG_WARN_CONSTANT_CONVERSION = YES;
				CLANG_WARN_DEPRECATED_OBJC_IMPLEMENTATIONS = YES;
				CLANG_WARN_DIRECT_OBJC_ISA_USAGE = YES_ERROR;
				CLANG_WARN_DOCUMENTATION_COMMENTS = YES;
				CLANG_WARN_EMPTY_BODY = YES;
				CLANG_WARN_ENUM_CONVERSION = YES;
				CLANG_WARN_INFINITE_RECURSION = YES;
				CLANG_WARN_INT_CONVERSION = YES;
				CLANG_WARN_NON_LITERAL_NULL_CONVERSION = YES;
				CLANG_WARN_OBJC_IMPLICIT_RETAIN_SELF = YES;
				CLANG_WARN_OBJC_LITERAL_CONVERSION = YES;
				CLANG_WARN_OBJC_ROOT_CLASS = YES_ERROR;
				CLANG_WARN_RANGE_LOOP_ANALYSIS = YES;
				CLANG_WARN_STRICT_PROTOTYPES = YES;
				CLANG_WARN_SUSPICIOUS_MOVE = YES;
				CLANG_WARN_UNGUARDED_AVAILABILITY = YES_AGGRESSIVE;
				CLANG_WARN_UNREACHABLE_CODE = YES;
				CLANG_WARN__DUPLICATE_METHOD_MATCH = YES;
				CODE_SIGN_IDENTITY = "iPhone Developer";
				COPY_PHASE_STRIP = NO;
				DEBUG_INFORMATION_FORMAT = "dwarf-with-dsym";
				ENABLE_NS_ASSERTIONS = NO;
				ENABLE_STRICT_OBJC_MSGSEND = YES;
				GCC_C_LANGUAGE_STANDARD = gnu11;
				GCC_NO_COMMON_BLOCKS = YES;
				GCC_WARN_64_TO_32_BIT_CONVERSION = YES;
				GCC_WARN_ABOUT_RETURN_TYPE = YES_ERROR;
				GCC_WARN_UNDECLARED_SELECTOR = YES;
				GCC_WARN_UNINITIALIZED_AUTOS = YES_AGGRESSIVE;
				GCC_WARN_UNUSED_FUNCTION = YES;
				GCC_WARN_UNUSED_VARIABLE = YES;
				IPHONEOS_DEPLOYMENT_TARGET = 12.1;
				MTL_ENABLE_DEBUG_INFO = NO;
				MTL_FAST_MATH = YES;
				SDKROOT = iphoneos;
				SWIFT_COMPILATION_MODE = wholemodule;
				SWIFT_OPTIMIZATION_LEVEL = "-O";
				VALIDATE_PRODUCT = YES;
			};
			name = Release;
		};
		C54229AC21BF38F1004D1ED8 /* Debug */ = {
			isa = XCBuildConfiguration;
			baseConfigurationReference = DF16C7862E98FD7D49980D90 /* Pods-Todoey.debug.xcconfig */;
			buildSettings = {
				ASSETCATALOG_COMPILER_APPICON_NAME = AppIcon;
				CODE_SIGN_STYLE = Automatic;
				DEVELOPMENT_TEAM = BGNF8D28S2;
				INFOPLIST_FILE = Todoey/Info.plist;
				LD_RUNPATH_SEARCH_PATHS = (
					"$(inherited)",
					"@executable_path/Frameworks",
				);
				PRODUCT_BUNDLE_IDENTIFIER = joypaul.08041995.brooklyn.ny6641.Todoey;
				PRODUCT_NAME = "$(TARGET_NAME)";
				SWIFT_VERSION = 4.2;
				TARGETED_DEVICE_FAMILY = "1,2";
			};
			name = Debug;
		};
		C54229AD21BF38F1004D1ED8 /* Release */ = {
			isa = XCBuildConfiguration;
			baseConfigurationReference = 716AF1C27CCB1AD13659BA02 /* Pods-Todoey.release.xcconfig */;
			buildSettings = {
				ASSETCATALOG_COMPILER_APPICON_NAME = AppIcon;
				CODE_SIGN_STYLE = Automatic;
				DEVELOPMENT_TEAM = BGNF8D28S2;
				INFOPLIST_FILE = Todoey/Info.plist;
				LD_RUNPATH_SEARCH_PATHS = (
					"$(inherited)",
					"@executable_path/Frameworks",
				);
				PRODUCT_BUNDLE_IDENTIFIER = joypaul.08041995.brooklyn.ny6641.Todoey;
				PRODUCT_NAME = "$(TARGET_NAME)";
				SWIFT_VERSION = 4.2;
				TARGETED_DEVICE_FAMILY = "1,2";
			};
			name = Release;
		};
/* End XCBuildConfiguration section */

/* Begin XCConfigurationList section */
		C542299421BF38F0004D1ED8 /* Build configuration list for PBXProject "Todoey" */ = {
			isa = XCConfigurationList;
			buildConfigurations = (
				C54229A921BF38F1004D1ED8 /* Debug */,
				C54229AA21BF38F1004D1ED8 /* Release */,
			);
			defaultConfigurationIsVisible = 0;
			defaultConfigurationName = Release;
		};
		C54229AB21BF38F1004D1ED8 /* Build configuration list for PBXNativeTarget "Todoey" */ = {
			isa = XCConfigurationList;
			buildConfigurations = (
				C54229AC21BF38F1004D1ED8 /* Debug */,
				C54229AD21BF38F1004D1ED8 /* Release */,
			);
			defaultConfigurationIsVisible = 0;
			defaultConfigurationName = Release;
		};
/* End XCConfigurationList section */
	};
	rootObject = C542299121BF38F0004D1ED8 /* Project object */;
}
